
Microsoft Visual Studio Solution File, Format Version 12.00
# Visual Studio Version 17
VisualStudioVersion = 17.1.32210.238
MinimumVisualStudioVersion = 10.0.40219.1
Project("{9A19103F-16F7-4668-BE54-9A1E7A4F7556}") = "TT.ConfTool.Client", "TT.ConfTool\TT.ConfTool.Client.csproj", "{34750C55-65EE-47FF-87C3-E41C12D7865C}"
EndProject
Project("{9A19103F-16F7-4668-BE54-9A1E7A4F7556}") = "TT.ConfTool.Api", "TT.ConfTool.Api\TT.ConfTool.Api.csproj", "{EBDC9352-BE57-4BE4-B13B-4D281D6342DE}"
EndProject
Project("{9A19103F-16F7-4668-BE54-9A1E7A4F7556}") = "TT.ConfTool.Shared", "TT.ConfTool.Shared\TT.ConfTool.Shared.csproj", "{4F949F35-C12B-478D-B131-0C11F81817E8}"
EndProject
Global
	GlobalSection(SolutionConfigurationPlatforms) = preSolution
		Debug|Any CPU = Debug|Any CPU
		Release|Any CPU = Release|Any CPU
	EndGlobalSection
	GlobalSection(ProjectConfigurationPlatforms) = postSolution
		{34750C55-65EE-47FF-87C3-E41C12D7865C}.Debug|Any CPU.ActiveCfg = Debug|Any CPU
		{34750C55-65EE-47FF-87C3-E41C12D7865C}.Debug|Any CPU.Build.0 = Debug|Any CPU
		{34750C55-65EE-47FF-87C3-E41C12D7865C}.Release|Any CPU.ActiveCfg = Release|Any CPU
		{34750C55-65EE-47FF-87C3-E41C12D7865C}.Release|Any CPU.Build.0 = Release|Any CPU
		{EBDC9352-BE57-4BE4-B13B-4D281D6342DE}.Debug|Any CPU.ActiveCfg = Debug|Any CPU
		{EBDC9352-BE57-4BE4-B13B-4D281D6342DE}.Debug|Any CPU.Build.0 = Debug|Any CPU
		{EBDC9352-BE57-4BE4-B13B-4D281D6342DE}.Release|Any CPU.ActiveCfg = Release|Any CPU
		{EBDC9352-BE57-4BE4-B13B-4D281D6342DE}.Release|Any CPU.Build.0 = Release|Any CPU
		{4F949F35-C12B-478D-B131-0C11F81817E8}.Debug|Any CPU.ActiveCfg = Debug|Any CPU
		{4F949F35-C12B-478D-B131-0C11F81817E8}.Debug|Any CPU.Build.0 = Debug|Any CPU
		{4F949F35-C12B-478D-B131-0C11F81817E8}.Release|Any CPU.ActiveCfg = Release|Any CPU
		{4F949F35-C12B-478D-B131-0C11F81817E8}.Release|Any CPU.Build.0 = Release|Any CPU
	EndGlobalSection
	GlobalSection(SolutionProperties) = preSolution
		HideSolutionNode = FALSE
	EndGlobalSection
	GlobalSection(ExtensibilityGlobals) = postSolution
		SolutionGuid = {5070F9B8-2155-41E8-A91D-2B899D7C4470}
	EndGlobalSection
EndGlobal
